# @generated by Move, please check-in and do not edit manually.

[move]
version = 3
manifest_digest = "F5DEA90E1F92716B6C6311D023193DCF18B9CFFA188F5303F1C6212F95746C4E"
deps_digest = "3C4103934B1E040BB6B23F1D610B4EF9F2F1166A50A104EADCF77467C004C600"
dependencies = [
  { id = "CetusClmm", name = "CetusClmm" },
  { id = "Sui", name = "Sui" },
]

[[move.package]]
id = "CetusClmm"
source = { git = "https://github.com/CetusProtocol/cetus-clmm-interface.git", rev = "mainnet-v1.23.1", subdir = "sui/clmmpool" }

dependencies = [
  { id = "IntegerMate", name = "IntegerMate" },
  { id = "MoveSTL", name = "MoveSTL" },
  { id = "Sui", name = "Sui" },
]

[[move.package]]
id = "IntegerMate"
source = { git = "https://github.com/CetusProtocol/integer-mate.git", rev = "mainnet-v1.23.1", subdir = "sui" }

dependencies = [
  { id = "Sui", name = "Sui" },
]

[[move.package]]
id = "MoveSTL"
source = { git = "https://github.com/CetusProtocol/move-stl.git", rev = "mainnet-v1.23.1", subdir = "sui" }

dependencies = [
  { id = "Sui", name = "Sui" },
]

[[move.package]]
id = "MoveStdlib"
source = { git = "https://github.com/MystenLabs/sui.git", rev = "mainnet-v1.23.1", subdir = "crates/sui-framework/packages/move-stdlib" }

[[move.package]]
id = "Sui"
source = { git = "https://github.com/MystenLabs/sui.git", rev = "mainnet-v1.23.1", subdir = "crates/sui-framework/packages/sui-framework" }

dependencies = [
  { id = "MoveStdlib", name = "MoveStdlib" },
]

[move.toolchain-version]
compiler-version = "1.38.1"
edition = "2024"
flavor = "sui"

[env]

[env.akane]
chain-id = "66bc2b87"
original-published-id = "0xcda4e48b57664d2fe9dce1829016dd9b026944a9e705c5882ae5b4c980766e2d"
latest-published-id = "0xcda4e48b57664d2fe9dce1829016dd9b026944a9e705c5882ae5b4c980766e2d"
published-version = "1"
